
Microsoft Visual Studio Solution File, Format Version 12.00
# Visual Studio Version 16
VisualStudioVersion = 16.0.29326.143
MinimumVisualStudioVersion = 10.0.40219.1
Project("{FAE04EC0-301F-11D3-BF4B-00C04F79EFBC}") = "Time_TimePeriod", "Time_TimePeriod\Time_TimePeriod.csproj", "{AD3B08E3-2086-42F5-9F1A-508A593B5347}"
EndProject
Project("{FAE04EC0-301F-11D3-BF4B-00C04F79EFBC}") = "Aplikacja", "Aplikacja\Aplikacja.csproj", "{032B8728-B7B2-49EB-A302-3164CC218CDD}"
EndProject
Project("{FAE04EC0-301F-11D3-BF4B-00C04F79EFBC}") = "Time_TimePeriod.Test", "Time_TimePeriod.Test\Time_TimePeriod.Test.csproj", "{5B48E656-674F-42C5-8228-AA8FC45DCC7E}"
EndProject
Global
	GlobalSection(SolutionConfigurationPlatforms) = preSolution
		Debug|Any CPU = Debug|Any CPU
		Release|Any CPU = Release|Any CPU
	EndGlobalSection
	GlobalSection(ProjectConfigurationPlatforms) = postSolution
		{AD3B08E3-2086-42F5-9F1A-508A593B5347}.Debug|Any CPU.ActiveCfg = Debug|Any CPU
		{AD3B08E3-2086-42F5-9F1A-508A593B5347}.Debug|Any CPU.Build.0 = Debug|Any CPU
		{AD3B08E3-2086-42F5-9F1A-508A593B5347}.Release|Any CPU.ActiveCfg = Release|Any CPU
		{AD3B08E3-2086-42F5-9F1A-508A593B5347}.Release|Any CPU.Build.0 = Release|Any CPU
		{032B8728-B7B2-49EB-A302-3164CC218CDD}.Debug|Any CPU.ActiveCfg = Debug|Any CPU
		{032B8728-B7B2-49EB-A302-3164CC218CDD}.Debug|Any CPU.Build.0 = Debug|Any CPU
		{032B8728-B7B2-49EB-A302-3164CC218CDD}.Release|Any CPU.ActiveCfg = Release|Any CPU
		{032B8728-B7B2-49EB-A302-3164CC218CDD}.Release|Any CPU.Build.0 = Release|Any CPU
		{5B48E656-674F-42C5-8228-AA8FC45DCC7E}.Debug|Any CPU.ActiveCfg = Debug|Any CPU
		{5B48E656-674F-42C5-8228-AA8FC45DCC7E}.Debug|Any CPU.Build.0 = Debug|Any CPU
		{5B48E656-674F-42C5-8228-AA8FC45DCC7E}.Release|Any CPU.ActiveCfg = Release|Any CPU
		{5B48E656-674F-42C5-8228-AA8FC45DCC7E}.Release|Any CPU.Build.0 = Release|Any CPU
	EndGlobalSection
	GlobalSection(SolutionProperties) = preSolution
		HideSolutionNode = FALSE
	EndGlobalSection
	GlobalSection(ExtensibilityGlobals) = postSolution
		SolutionGuid = {817C4D3F-FFAA-4754-8BA1-31F37FBF8BC4}
	EndGlobalSection
EndGlobal
